
Microsoft Visual Studio Solution File, Format Version 12.00
# Visual Studio Version 16
VisualStudioVersion = 16.0.30717.126
MinimumVisualStudioVersion = 10.0.40219.1
Project("{FAE04EC0-301F-11D3-BF4B-00C04F79EFBC}") = "Benchmark", "Benchmark\Benchmark.csproj", "{005B98B9-B5A1-4A91-B4F0-90279EA9EDC9}"
EndProject
Global
	GlobalSection(SolutionConfigurationPlatforms) = preSolution
		Debug|Any CPU = Debug|Any CPU
		Release|Any CPU = Release|Any CPU
	EndGlobalSection
	GlobalSection(ProjectConfigurationPlatforms) = postSolution
		{005B98B9-B5A1-4A91-B4F0-90279EA9EDC9}.Debug|Any CPU.ActiveCfg = Debug|Any CPU
		{005B98B9-B5A1-4A91-B4F0-90279EA9EDC9}.Debug|Any CPU.Build.0 = Debug|Any CPU
		{005B98B9-B5A1-4A91-B4F0-90279EA9EDC9}.Release|Any CPU.ActiveCfg = Release|Any CPU
		{005B98B9-B5A1-4A91-B4F0-90279EA9EDC9}.Release|Any CPU.Build.0 = Release|Any CPU
	EndGlobalSection
	GlobalSection(SolutionProperties) = preSolution
		HideSolutionNode = FALSE
	EndGlobalSection
	GlobalSection(ExtensibilityGlobals) = postSolution
		SolutionGuid = {510F38CC-8E59-4071-ABAB-89CA5182477F}
	EndGlobalSection
EndGlobal
