
Microsoft Visual Studio Solution File, Format Version 12.00
# Visual Studio Version 16
VisualStudioVersion = 16.0.30717.126
MinimumVisualStudioVersion = 10.0.40219.1
Project("{9A19103F-16F7-4668-BE54-9A1E7A4F7556}") = "Server_with_CalculatorCS", "Server_with_CalculatorCS\Server_with_CalculatorCS.csproj", "{1E06EE20-92CB-4C4B-AC12-8438D8E115E8}"
	ProjectSection(ProjectDependencies) = postProject
		{C7B7AD73-4217-4B78-83E1-E7239A954A7F} = {C7B7AD73-4217-4B78-83E1-E7239A954A7F}
	EndProjectSection
EndProject
Project("{9A19103F-16F7-4668-BE54-9A1E7A4F7556}") = "Calculator", "Calculator\Calculator.csproj", "{C7B7AD73-4217-4B78-83E1-E7239A954A7F}"
EndProject
Global
	GlobalSection(SolutionConfigurationPlatforms) = preSolution
		Debug|Any CPU = Debug|Any CPU
		Release|Any CPU = Release|Any CPU
	EndGlobalSection
	GlobalSection(ProjectConfigurationPlatforms) = postSolution
		{1E06EE20-92CB-4C4B-AC12-8438D8E115E8}.Debug|Any CPU.ActiveCfg = Debug|Any CPU
		{1E06EE20-92CB-4C4B-AC12-8438D8E115E8}.Debug|Any CPU.Build.0 = Debug|Any CPU
		{1E06EE20-92CB-4C4B-AC12-8438D8E115E8}.Release|Any CPU.ActiveCfg = Release|Any CPU
		{1E06EE20-92CB-4C4B-AC12-8438D8E115E8}.Release|Any CPU.Build.0 = Release|Any CPU
		{C7B7AD73-4217-4B78-83E1-E7239A954A7F}.Debug|Any CPU.ActiveCfg = Debug|Any CPU
		{C7B7AD73-4217-4B78-83E1-E7239A954A7F}.Debug|Any CPU.Build.0 = Debug|Any CPU
		{C7B7AD73-4217-4B78-83E1-E7239A954A7F}.Release|Any CPU.ActiveCfg = Release|Any CPU
		{C7B7AD73-4217-4B78-83E1-E7239A954A7F}.Release|Any CPU.Build.0 = Release|Any CPU
	EndGlobalSection
	GlobalSection(SolutionProperties) = preSolution
		HideSolutionNode = FALSE
	EndGlobalSection
	GlobalSection(ExtensibilityGlobals) = postSolution
		SolutionGuid = {D17558E9-BFC1-4325-A2A6-8C59516A8B71}
	EndGlobalSection
EndGlobal
